
Microsoft Visual Studio Solution File, Format Version 12.00
# Visual Studio 15
VisualStudioVersion = 15.0.27130.2027
MinimumVisualStudioVersion = 10.0.40219.1
Project("{9A19103F-16F7-4668-BE54-9A1E7A4F7556}") = "HellBrick.Diagnostics.Sealed", "HellBrick.Diagnostics.Sealed\HellBrick.Diagnostics.Sealed.csproj", "{89EF2571-895F-4907-AFAA-0B07DAEC9945}"
EndProject
Project("{9A19103F-16F7-4668-BE54-9A1E7A4F7556}") = "HellBrick.Diagnostics.Sealed.Test", "HellBrick.Diagnostics.Sealed.Test\HellBrick.Diagnostics.Sealed.Test.csproj", "{617F53A1-6268-487E-9183-AF99193E1E8D}"
EndProject
Project("{9A19103F-16F7-4668-BE54-9A1E7A4F7556}") = "HellBrick.Diagnostics.Assertions", "HellBrick.Diagnostics.Assertions\HellBrick.Diagnostics.Assertions.csproj", "{5BF70EB9-5383-4529-A697-BE196144497D}"
EndProject
Project("{9A19103F-16F7-4668-BE54-9A1E7A4F7556}") = "HellBrick.Diagnostics.Sealed.Debug.Console", "HellBrick.Diagnostics.Sealed.Debug.Console\HellBrick.Diagnostics.Sealed.Debug.Console.csproj", "{8E6A3CC4-F628-454A-A3F3-06AA2BFEA29F}"
EndProject
Global
	GlobalSection(SolutionConfigurationPlatforms) = preSolution
		Debug|Any CPU = Debug|Any CPU
		Release|Any CPU = Release|Any CPU
	EndGlobalSection
	GlobalSection(ProjectConfigurationPlatforms) = postSolution
		{89EF2571-895F-4907-AFAA-0B07DAEC9945}.Debug|Any CPU.ActiveCfg = Debug|Any CPU
		{89EF2571-895F-4907-AFAA-0B07DAEC9945}.Debug|Any CPU.Build.0 = Debug|Any CPU
		{89EF2571-895F-4907-AFAA-0B07DAEC9945}.Release|Any CPU.ActiveCfg = Release|Any CPU
		{89EF2571-895F-4907-AFAA-0B07DAEC9945}.Release|Any CPU.Build.0 = Release|Any CPU
		{617F53A1-6268-487E-9183-AF99193E1E8D}.Debug|Any CPU.ActiveCfg = Debug|Any CPU
		{617F53A1-6268-487E-9183-AF99193E1E8D}.Debug|Any CPU.Build.0 = Debug|Any CPU
		{617F53A1-6268-487E-9183-AF99193E1E8D}.Release|Any CPU.ActiveCfg = Release|Any CPU
		{617F53A1-6268-487E-9183-AF99193E1E8D}.Release|Any CPU.Build.0 = Release|Any CPU
		{5BF70EB9-5383-4529-A697-BE196144497D}.Debug|Any CPU.ActiveCfg = Debug|Any CPU
		{5BF70EB9-5383-4529-A697-BE196144497D}.Debug|Any CPU.Build.0 = Debug|Any CPU
		{5BF70EB9-5383-4529-A697-BE196144497D}.Release|Any CPU.ActiveCfg = Release|Any CPU
		{5BF70EB9-5383-4529-A697-BE196144497D}.Release|Any CPU.Build.0 = Release|Any CPU
		{8E6A3CC4-F628-454A-A3F3-06AA2BFEA29F}.Debug|Any CPU.ActiveCfg = Debug|Any CPU
		{8E6A3CC4-F628-454A-A3F3-06AA2BFEA29F}.Debug|Any CPU.Build.0 = Debug|Any CPU
		{8E6A3CC4-F628-454A-A3F3-06AA2BFEA29F}.Release|Any CPU.ActiveCfg = Release|Any CPU
		{8E6A3CC4-F628-454A-A3F3-06AA2BFEA29F}.Release|Any CPU.Build.0 = Release|Any CPU
	EndGlobalSection
	GlobalSection(SolutionProperties) = preSolution
		HideSolutionNode = FALSE
	EndGlobalSection
	GlobalSection(ExtensibilityGlobals) = postSolution
		SolutionGuid = {ABFE006D-19AA-4C94-A25E-1EAF32993CEF}
	EndGlobalSection
EndGlobal
